
Microsoft Visual Studio Solution File, Format Version 12.00
# Visual Studio 14
VisualStudioVersion = 14.0.25420.1
MinimumVisualStudioVersion = 10.0.40219.1
Project("{FAE04EC0-301F-11D3-BF4B-00C04F79EFBC}") = "01.HelloCSharp", "01.HelloCSharp\01.HelloCSharp.csproj", "{4C87C200-78BB-4AAB-9CAA-028A8AB8C5A7}"
EndProject
Project("{FAE04EC0-301F-11D3-BF4B-00C04F79EFBC}") = "02.Expression", "02.Expression\02.Expression.csproj", "{EF6C12B0-8DE7-4203-B7DA-D08DDD399419}"
EndProject
Project("{FAE04EC0-301F-11D3-BF4B-00C04F79EFBC}") = "03.Nums1_20", "03.Nums1_20\03.Nums1_20.csproj", "{589E5225-4EB9-4805-9926-AB0E705B291F}"
EndProject
Project("{FAE04EC0-301F-11D3-BF4B-00C04F79EFBC}") = "04.TriangleOf55Stars", "04.TriangleOf55Stars\04.TriangleOf55Stars.csproj", "{FEE1F959-1DE9-4DEC-8DA4-2E8EC649C50B}"
EndProject
Project("{FAE04EC0-301F-11D3-BF4B-00C04F79EFBC}") = "05.RectangleArea", "05.RectangleArea\05.RectangleArea.csproj", "{80A159FF-2727-47B6-AAE0-44692483FBE0}"
EndProject
Project("{FAE04EC0-301F-11D3-BF4B-00C04F79EFBC}") = "06.SquareOfStars", "06.SquareOfStars\06.SquareOfStars.csproj", "{1B328ABB-ACF2-4156-B0DE-3D88E3FDCB8B}"
EndProject
Global
	GlobalSection(SolutionConfigurationPlatforms) = preSolution
		Debug|Any CPU = Debug|Any CPU
		Release|Any CPU = Release|Any CPU
	EndGlobalSection
	GlobalSection(ProjectConfigurationPlatforms) = postSolution
		{4C87C200-78BB-4AAB-9CAA-028A8AB8C5A7}.Debug|Any CPU.ActiveCfg = Debug|Any CPU
		{4C87C200-78BB-4AAB-9CAA-028A8AB8C5A7}.Debug|Any CPU.Build.0 = Debug|Any CPU
		{4C87C200-78BB-4AAB-9CAA-028A8AB8C5A7}.Release|Any CPU.ActiveCfg = Release|Any CPU
		{4C87C200-78BB-4AAB-9CAA-028A8AB8C5A7}.Release|Any CPU.Build.0 = Release|Any CPU
		{EF6C12B0-8DE7-4203-B7DA-D08DDD399419}.Debug|Any CPU.ActiveCfg = Debug|Any CPU
		{EF6C12B0-8DE7-4203-B7DA-D08DDD399419}.Debug|Any CPU.Build.0 = Debug|Any CPU
		{EF6C12B0-8DE7-4203-B7DA-D08DDD399419}.Release|Any CPU.ActiveCfg = Release|Any CPU
		{EF6C12B0-8DE7-4203-B7DA-D08DDD399419}.Release|Any CPU.Build.0 = Release|Any CPU
		{589E5225-4EB9-4805-9926-AB0E705B291F}.Debug|Any CPU.ActiveCfg = Debug|Any CPU
		{589E5225-4EB9-4805-9926-AB0E705B291F}.Debug|Any CPU.Build.0 = Debug|Any CPU
		{589E5225-4EB9-4805-9926-AB0E705B291F}.Release|Any CPU.ActiveCfg = Release|Any CPU
		{589E5225-4EB9-4805-9926-AB0E705B291F}.Release|Any CPU.Build.0 = Release|Any CPU
		{FEE1F959-1DE9-4DEC-8DA4-2E8EC649C50B}.Debug|Any CPU.ActiveCfg = Debug|Any CPU
		{FEE1F959-1DE9-4DEC-8DA4-2E8EC649C50B}.Debug|Any CPU.Build.0 = Debug|Any CPU
		{FEE1F959-1DE9-4DEC-8DA4-2E8EC649C50B}.Release|Any CPU.ActiveCfg = Release|Any CPU
		{FEE1F959-1DE9-4DEC-8DA4-2E8EC649C50B}.Release|Any CPU.Build.0 = Release|Any CPU
		{80A159FF-2727-47B6-AAE0-44692483FBE0}.Debug|Any CPU.ActiveCfg = Debug|Any CPU
		{80A159FF-2727-47B6-AAE0-44692483FBE0}.Debug|Any CPU.Build.0 = Debug|Any CPU
		{80A159FF-2727-47B6-AAE0-44692483FBE0}.Release|Any CPU.ActiveCfg = Release|Any CPU
		{80A159FF-2727-47B6-AAE0-44692483FBE0}.Release|Any CPU.Build.0 = Release|Any CPU
		{1B328ABB-ACF2-4156-B0DE-3D88E3FDCB8B}.Debug|Any CPU.ActiveCfg = Debug|Any CPU
		{1B328ABB-ACF2-4156-B0DE-3D88E3FDCB8B}.Debug|Any CPU.Build.0 = Debug|Any CPU
		{1B328ABB-ACF2-4156-B0DE-3D88E3FDCB8B}.Release|Any CPU.ActiveCfg = Release|Any CPU
		{1B328ABB-ACF2-4156-B0DE-3D88E3FDCB8B}.Release|Any CPU.Build.0 = Release|Any CPU
	EndGlobalSection
	GlobalSection(SolutionProperties) = preSolution
		HideSolutionNode = FALSE
	EndGlobalSection
EndGlobal
