
Microsoft Visual Studio Solution File, Format Version 12.00
# Visual Studio 14
VisualStudioVersion = 14.0.25420.1
MinimumVisualStudioVersion = 10.0.40219.1
Project("{FAE04EC0-301F-11D3-BF4B-00C04F79EFBC}") = "01.TrainingLab", "01.TrainingLab\01.TrainingLab.csproj", "{64C08418-1DA1-4791-B847-92993061E110}"
EndProject
Project("{FAE04EC0-301F-11D3-BF4B-00C04F79EFBC}") = "02.TransportPrice", "02.TransportPrice\02.TransportPrice.csproj", "{9344E1E6-84CE-4325-ACFD-ABC75102325D}"
EndProject
Project("{FAE04EC0-301F-11D3-BF4B-00C04F79EFBC}") = "03.TimeTest", "03.TimeTest\03.TimeTest.csproj", "{44E60CDC-289D-4062-BF09-7DCF3BFB4B9F}"
EndProject
Project("{FAE04EC0-301F-11D3-BF4B-00C04F79EFBC}") = "04.Histogram", "04.Histogram\04.Histogram.csproj", "{5BC0CF01-614B-498B-AB1A-644CF6603F5F}"
EndProject
Project("{FAE04EC0-301F-11D3-BF4B-00C04F79EFBC}") = "05.DrawFort", "05.DrawFort\05.DrawFort.csproj", "{EC9B4CBA-4506-4937-886B-00E5ECAA3DA7}"
EndProject
Global
	GlobalSection(SolutionConfigurationPlatforms) = preSolution
		Debug|Any CPU = Debug|Any CPU
		Release|Any CPU = Release|Any CPU
	EndGlobalSection
	GlobalSection(ProjectConfigurationPlatforms) = postSolution
		{64C08418-1DA1-4791-B847-92993061E110}.Debug|Any CPU.ActiveCfg = Debug|Any CPU
		{64C08418-1DA1-4791-B847-92993061E110}.Debug|Any CPU.Build.0 = Debug|Any CPU
		{64C08418-1DA1-4791-B847-92993061E110}.Release|Any CPU.ActiveCfg = Release|Any CPU
		{64C08418-1DA1-4791-B847-92993061E110}.Release|Any CPU.Build.0 = Release|Any CPU
		{9344E1E6-84CE-4325-ACFD-ABC75102325D}.Debug|Any CPU.ActiveCfg = Debug|Any CPU
		{9344E1E6-84CE-4325-ACFD-ABC75102325D}.Debug|Any CPU.Build.0 = Debug|Any CPU
		{9344E1E6-84CE-4325-ACFD-ABC75102325D}.Release|Any CPU.ActiveCfg = Release|Any CPU
		{9344E1E6-84CE-4325-ACFD-ABC75102325D}.Release|Any CPU.Build.0 = Release|Any CPU
		{44E60CDC-289D-4062-BF09-7DCF3BFB4B9F}.Debug|Any CPU.ActiveCfg = Debug|Any CPU
		{44E60CDC-289D-4062-BF09-7DCF3BFB4B9F}.Debug|Any CPU.Build.0 = Debug|Any CPU
		{44E60CDC-289D-4062-BF09-7DCF3BFB4B9F}.Release|Any CPU.ActiveCfg = Release|Any CPU
		{44E60CDC-289D-4062-BF09-7DCF3BFB4B9F}.Release|Any CPU.Build.0 = Release|Any CPU
		{5BC0CF01-614B-498B-AB1A-644CF6603F5F}.Debug|Any CPU.ActiveCfg = Debug|Any CPU
		{5BC0CF01-614B-498B-AB1A-644CF6603F5F}.Debug|Any CPU.Build.0 = Debug|Any CPU
		{5BC0CF01-614B-498B-AB1A-644CF6603F5F}.Release|Any CPU.ActiveCfg = Release|Any CPU
		{5BC0CF01-614B-498B-AB1A-644CF6603F5F}.Release|Any CPU.Build.0 = Release|Any CPU
		{EC9B4CBA-4506-4937-886B-00E5ECAA3DA7}.Debug|Any CPU.ActiveCfg = Debug|Any CPU
		{EC9B4CBA-4506-4937-886B-00E5ECAA3DA7}.Debug|Any CPU.Build.0 = Debug|Any CPU
		{EC9B4CBA-4506-4937-886B-00E5ECAA3DA7}.Release|Any CPU.ActiveCfg = Release|Any CPU
		{EC9B4CBA-4506-4937-886B-00E5ECAA3DA7}.Release|Any CPU.Build.0 = Release|Any CPU
	EndGlobalSection
	GlobalSection(SolutionProperties) = preSolution
		HideSolutionNode = FALSE
	EndGlobalSection
EndGlobal
